// !$*UTF8*$!
{
	archiveVersion = 1;
	classes = {
	};
	objectVersion = 77;
	objects = {

/* Begin PBXBuildFile section */
		1E9C0966011A34236E543AAA /* Pods_Axle_AxleUITests.framework in Frameworks */ = {isa = PBXBuildFile; fileRef = 2141840EB530B8641BD7D694 /* Pods_Axle_AxleUITests.framework */; };
		93E60A79F2D56DD325A7E893 /* Pods_AxleTests.framework in Frameworks */ = {isa = PBXBuildFile; fileRef = 11C61CD48B72181CD79D7BBB /* Pods_AxleTests.framework */; };
		944E33565CF5E4CA3CF96E32 /* Pods_Axle.framework in Frameworks */ = {isa = PBXBuildFile; fileRef = 698938852DA86A342534D9A2 /* Pods_Axle.framework */; };
/* End PBXBuildFile section */

/* Begin PBXContainerItemProxy section */
		ED6CE39A2D956948005ADD18 /* PBXContainerItemProxy */ = {
			isa = PBXContainerItemProxy;
			containerPortal = ED6CE37B2D956944005ADD18 /* Project object */;
			proxyType = 1;
			remoteGlobalIDString = ED6CE3822D956944005ADD18;
			remoteInfo = Axle;
		};
		ED6CE3A42D956949005ADD18 /* PBXContainerItemProxy */ = {
			isa = PBXContainerItemProxy;
			containerPortal = ED6CE37B2D956944005ADD18 /* Project object */;
			proxyType = 1;
			remoteGlobalIDString = ED6CE3822D956944005ADD18;
			remoteInfo = Axle;
		};
/* End PBXContainerItemProxy section */

/* Begin PBXFileReference section */
		08F55CB200C10FBC2688067B /* Pods-Axle.release.xcconfig */ = {isa = PBXFileReference; includeInIndex = 1; lastKnownFileType = text.xcconfig; name = "Pods-Axle.release.xcconfig"; path = "Target Support Files/Pods-Axle/Pods-Axle.release.xcconfig"; sourceTree = "<group>"; };
		09B60A2ED1909F675629BD1E /* Pods-Axle-AxleUITests.debug.xcconfig */ = {isa = PBXFileReference; includeInIndex = 1; lastKnownFileType = text.xcconfig; name = "Pods-Axle-AxleUITests.debug.xcconfig"; path = "Target Support Files/Pods-Axle-AxleUITests/Pods-Axle-AxleUITests.debug.xcconfig"; sourceTree = "<group>"; };
		11C61CD48B72181CD79D7BBB /* Pods_AxleTests.framework */ = {isa = PBXFileReference; explicitFileType = wrapper.framework; includeInIndex = 0; path = Pods_AxleTests.framework; sourceTree = BUILT_PRODUCTS_DIR; };
		2141840EB530B8641BD7D694 /* Pods_Axle_AxleUITests.framework */ = {isa = PBXFileReference; explicitFileType = wrapper.framework; includeInIndex = 0; path = Pods_Axle_AxleUITests.framework; sourceTree = BUILT_PRODUCTS_DIR; };
		5D93927AB7F5322C18D8BFC0 /* Pods-Axle.debug.xcconfig */ = {isa = PBXFileReference; includeInIndex = 1; lastKnownFileType = text.xcconfig; name = "Pods-Axle.debug.xcconfig"; path = "Target Support Files/Pods-Axle/Pods-Axle.debug.xcconfig"; sourceTree = "<group>"; };
		698938852DA86A342534D9A2 /* Pods_Axle.framework */ = {isa = PBXFileReference; explicitFileType = wrapper.framework; includeInIndex = 0; path = Pods_Axle.framework; sourceTree = BUILT_PRODUCTS_DIR; };
		9A31026E79527664E2AD8EB1 /* Pods-AxleTests.debug.xcconfig */ = {isa = PBXFileReference; includeInIndex = 1; lastKnownFileType = text.xcconfig; name = "Pods-AxleTests.debug.xcconfig"; path = "Target Support Files/Pods-AxleTests/Pods-AxleTests.debug.xcconfig"; sourceTree = "<group>"; };
		B28B752D9F76AAFCB3E3A77C /* Pods-Axle-AxleUITests.release.xcconfig */ = {isa = PBXFileReference; includeInIndex = 1; lastKnownFileType = text.xcconfig; name = "Pods-Axle-AxleUITests.release.xcconfig"; path = "Target Support Files/Pods-Axle-AxleUITests/Pods-Axle-AxleUITests.release.xcconfig"; sourceTree = "<group>"; };
		E395C717B071C0A822471757 /* Pods-AxleTests.release.xcconfig */ = {isa = PBXFileReference; includeInIndex = 1; lastKnownFileType = text.xcconfig; name = "Pods-AxleTests.release.xcconfig"; path = "Target Support Files/Pods-AxleTests/Pods-AxleTests.release.xcconfig"; sourceTree = "<group>"; };
		ED6CE3832D956944005ADD18 /* Axle.app */ = {isa = PBXFileReference; explicitFileType = wrapper.application; includeInIndex = 0; path = Axle.app; sourceTree = BUILT_PRODUCTS_DIR; };
		ED6CE3992D956948005ADD18 /* AxleTests.xctest */ = {isa = PBXFileReference; explicitFileType = wrapper.cfbundle; includeInIndex = 0; path = AxleTests.xctest; sourceTree = BUILT_PRODUCTS_DIR; };
		ED6CE3A32D956949005ADD18 /* AxleUITests.xctest */ = {isa = PBXFileReference; explicitFileType = wrapper.cfbundle; includeInIndex = 0; path = AxleUITests.xctest; sourceTree = BUILT_PRODUCTS_DIR; };
/* End PBXFileReference section */

/* Begin PBXFileSystemSynchronizedBuildFileExceptionSet section */
		ED6CE3AB2D956949005ADD18 /* Exceptions for "Axle" folder in "Axle" target */ = {
			isa = PBXFileSystemSynchronizedBuildFileExceptionSet;
			membershipExceptions = (
				Info.plist,
			);
			target = ED6CE3822D956944005ADD18 /* Axle */;
		};
/* End PBXFileSystemSynchronizedBuildFileExceptionSet section */

/* Begin PBXFileSystemSynchronizedRootGroup section */
		ED6CE3852D956944005ADD18 /* Axle */ = {
			isa = PBXFileSystemSynchronizedRootGroup;
			exceptions = (
				ED6CE3AB2D956949005ADD18 /* Exceptions for "Axle" folder in "Axle" target */,
			);
			path = Axle;
			sourceTree = "<group>";
		};
		ED6CE39C2D956948005ADD18 /* AxleTests */ = {
			isa = PBXFileSystemSynchronizedRootGroup;
			path = AxleTests;
			sourceTree = "<group>";
		};
		ED6CE3A62D956949005ADD18 /* AxleUITests */ = {
			isa = PBXFileSystemSynchronizedRootGroup;
			path = AxleUITests;
			sourceTree = "<group>";
		};
/* End PBXFileSystemSynchronizedRootGroup section */

/* Begin PBXFrameworksBuildPhase section */
		ED6CE3802D956944005ADD18 /* Frameworks */ = {
			isa = PBXFrameworksBuildPhase;
			buildActionMask = 2147483647;
			files = (
				944E33565CF5E4CA3CF96E32 /* Pods_Axle.framework in Frameworks */,
			);
			runOnlyForDeploymentPostprocessing = 0;
		};
		ED6CE3962D956948005ADD18 /* Frameworks */ = {
			isa = PBXFrameworksBuildPhase;
			buildActionMask = 2147483647;
			files = (
				93E60A79F2D56DD325A7E893 /* Pods_AxleTests.framework in Frameworks */,
			);
			runOnlyForDeploymentPostprocessing = 0;
		};
		ED6CE3A02D956949005ADD18 /* Frameworks */ = {
			isa = PBXFrameworksBuildPhase;
			buildActionMask = 2147483647;
			files = (
				1E9C0966011A34236E543AAA /* Pods_Axle_AxleUITests.framework in Frameworks */,
			);
			runOnlyForDeploymentPostprocessing = 0;
		};
/* End PBXFrameworksBuildPhase section */

/* Begin PBXGroup section */
		C5AF1CE3766ABED4DD8EE96A /* Pods */ = {
			isa = PBXGroup;
			children = (
				5D93927AB7F5322C18D8BFC0 /* Pods-Axle.debug.xcconfig */,
				08F55CB200C10FBC2688067B /* Pods-Axle.release.xcconfig */,
				09B60A2ED1909F675629BD1E /* Pods-Axle-AxleUITests.debug.xcconfig */,
				B28B752D9F76AAFCB3E3A77C /* Pods-Axle-AxleUITests.release.xcconfig */,
				9A31026E79527664E2AD8EB1 /* Pods-AxleTests.debug.xcconfig */,
				E395C717B071C0A822471757 /* Pods-AxleTests.release.xcconfig */,
			);
			path = Pods;
			sourceTree = "<group>";
		};
		D8E7E8D83381B04F8DC866CF /* Frameworks */ = {
			isa = PBXGroup;
			children = (
				698938852DA86A342534D9A2 /* Pods_Axle.framework */,
				2141840EB530B8641BD7D694 /* Pods_Axle_AxleUITests.framework */,
				11C61CD48B72181CD79D7BBB /* Pods_AxleTests.framework */,
			);
			name = Frameworks;
			sourceTree = "<group>";
		};
		ED6CE37A2D956944005ADD18 = {
			isa = PBXGroup;
			children = (
				ED6CE3852D956944005ADD18 /* Axle */,
				ED6CE39C2D956948005ADD18 /* AxleTests */,
				ED6CE3A62D956949005ADD18 /* AxleUITests */,
				ED6CE3842D956944005ADD18 /* Products */,
				C5AF1CE3766ABED4DD8EE96A /* Pods */,
				D8E7E8D83381B04F8DC866CF /* Frameworks */,
			);
			sourceTree = "<group>";
		};
		ED6CE3842D956944005ADD18 /* Products */ = {
			isa = PBXGroup;
			children = (
				ED6CE3832D956944005ADD18 /* Axle.app */,
				ED6CE3992D956948005ADD18 /* AxleTests.xctest */,
				ED6CE3A32D956949005ADD18 /* AxleUITests.xctest */,
			);
			name = Products;
			sourceTree = "<group>";
		};
/* End PBXGroup section */

/* Begin PBXNativeTarget section */
		ED6CE3822D956944005ADD18 /* Axle */ = {
			isa = PBXNativeTarget;
			buildConfigurationList = ED6CE3AC2D956949005ADD18 /* Build configuration list for PBXNativeTarget "Axle" */;
			buildPhases = (
				775F76E90A18A6D0A929E159 /* [CP] Check Pods Manifest.lock */,
				ED6CE37F2D956944005ADD18 /* Sources */,
				ED6CE3802D956944005ADD18 /* Frameworks */,
				ED6CE3812D956944005ADD18 /* Resources */,
				F56505C147C3F60DEDE726DA /* [CP] Embed Pods Frameworks */,
			);
			buildRules = (
			);
			dependencies = (
			);
			fileSystemSynchronizedGroups = (
				ED6CE3852D956944005ADD18 /* Axle */,
			);
			name = Axle;
			productName = Axle;
			productReference = ED6CE3832D956944005ADD18 /* Axle.app */;
			productType = "com.apple.product-type.application";
		};
		ED6CE3982D956948005ADD18 /* AxleTests */ = {
			isa = PBXNativeTarget;
			buildConfigurationList = ED6CE3B12D956949005ADD18 /* Build configuration list for PBXNativeTarget "AxleTests" */;
			buildPhases = (
				CE35C04AFF0F18B3E6BE6BE7 /* [CP] Check Pods Manifest.lock */,
				ED6CE3952D956948005ADD18 /* Sources */,
				ED6CE3962D956948005ADD18 /* Frameworks */,
				ED6CE3972D956948005ADD18 /* Resources */,
			);
			buildRules = (
			);
			dependencies = (
				ED6CE39B2D956948005ADD18 /* PBXTargetDependency */,
			);
			fileSystemSynchronizedGroups = (
				ED6CE39C2D956948005ADD18 /* AxleTests */,
			);
			name = AxleTests;
			productName = AxleTests;
			productReference = ED6CE3992D956948005ADD18 /* AxleTests.xctest */;
			productType = "com.apple.product-type.bundle.unit-test";
		};
		ED6CE3A22D956949005ADD18 /* AxleUITests */ = {
			isa = PBXNativeTarget;
			buildConfigurationList = ED6CE3B42D956949005ADD18 /* Build configuration list for PBXNativeTarget "AxleUITests" */;
			buildPhases = (
				278678931ED297040BA603E9 /* [CP] Check Pods Manifest.lock */,
				ED6CE39F2D956949005ADD18 /* Sources */,
				ED6CE3A02D956949005ADD18 /* Frameworks */,
				ED6CE3A12D956949005ADD18 /* Resources */,
				BA23842425B5DF4F705E7C85 /* [CP] Embed Pods Frameworks */,
			);
			buildRules = (
			);
			dependencies = (
				ED6CE3A52D956949005ADD18 /* PBXTargetDependency */,
			);
			fileSystemSynchronizedGroups = (
				ED6CE3A62D956949005ADD18 /* AxleUITests */,
			);
			name = AxleUITests;
			productName = AxleUITests;
			productReference = ED6CE3A32D956949005ADD18 /* AxleUITests.xctest */;
			productType = "com.apple.product-type.bundle.ui-testing";
		};
/* End PBXNativeTarget section */

/* Begin PBXProject section */
		ED6CE37B2D956944005ADD18 /* Project object */ = {
			isa = PBXProject;
			attributes = {
				BuildIndependentTargetsInParallel = 1;
				LastSwiftUpdateCheck = 1620;
				LastUpgradeCheck = 1620;
				TargetAttributes = {
					ED6CE3822D956944005ADD18 = {
						CreatedOnToolsVersion = 16.2;
					};
					ED6CE3982D956948005ADD18 = {
						CreatedOnToolsVersion = 16.2;
						TestTargetID = ED6CE3822D956944005ADD18;
					};
					ED6CE3A22D956949005ADD18 = {
						CreatedOnToolsVersion = 16.2;
						TestTargetID = ED6CE3822D956944005ADD18;
					};
				};
			};
			buildConfigurationList = ED6CE37E2D956944005ADD18 /* Build configuration list for PBXProject "Axle" */;
			developmentRegion = en;
			hasScannedForEncodings = 0;
			knownRegions = (
				en,
				Base,
			);
			mainGroup = ED6CE37A2D956944005ADD18;
			minimizedProjectReferenceProxies = 1;
			preferredProjectObjectVersion = 77;
			productRefGroup = ED6CE3842D956944005ADD18 /* Products */;
			projectDirPath = "";
			projectRoot = "";
			targets = (
				ED6CE3822D956944005ADD18 /* Axle */,
				ED6CE3982D956948005ADD18 /* AxleTests */,
				ED6CE3A22D956949005ADD18 /* AxleUITests */,
			);
		};
/* End PBXProject section */

/* Begin PBXResourcesBuildPhase section */
		ED6CE3812D956944005ADD18 /* Resources */ = {
			isa = PBXResourcesBuildPhase;
			buildActionMask = 2147483647;
			files = (
			);
			runOnlyForDeploymentPostprocessing = 0;
		};
		ED6CE3972D956948005ADD18 /* Resources */ = {
			isa = PBXResourcesBuildPhase;
			buildActionMask = 2147483647;
			files = (
			);
			runOnlyForDeploymentPostprocessing = 0;
		};
		ED6CE3A12D956949005ADD18 /* Resources */ = {
			isa = PBXResourcesBuildPhase;
			buildActionMask = 2147483647;
			files = (
			);
			runOnlyForDeploymentPostprocessing = 0;
		};
/* End PBXResourcesBuildPhase section */

/* Begin PBXShellScriptBuildPhase section */
		278678931ED297040BA603E9 /* [CP] Check Pods Manifest.lock */ = {
			isa = PBXShellScriptBuildPhase;
			buildActionMask = 2147483647;
			files = (
			);
			inputFileListPaths = (
			);
			inputPaths = (
				"${PODS_PODFILE_DIR_PATH}/Podfile.lock",
				"${PODS_ROOT}/Manifest.lock",
			);
			name = "[CP] Check Pods Manifest.lock";
			outputFileListPaths = (
			);
			outputPaths = (
				"$(DERIVED_FILE_DIR)/Pods-Axle-AxleUITests-checkManifestLockResult.txt",
			);
			runOnlyForDeploymentPostprocessing = 0;
			shellPath = /bin/sh;
			shellScript = "diff \"${PODS_PODFILE_DIR_PATH}/Podfile.lock\" \"${PODS_ROOT}/Manifest.lock\" > /dev/null\nif [ $? != 0 ] ; then\n    # print error to STDERR\n    echo \"error: The sandbox is not in sync with the Podfile.lock. Run 'pod install' or update your CocoaPods installation.\" >&2\n    exit 1\nfi\n# This output is used by Xcode 'outputs' to avoid re-running this script phase.\necho \"SUCCESS\" > \"${SCRIPT_OUTPUT_FILE_0}\"\n";
			showEnvVarsInLog = 0;
		};
		775F76E90A18A6D0A929E159 /* [CP] Check Pods Manifest.lock */ = {
			isa = PBXShellScriptBuildPhase;
			buildActionMask = 2147483647;
			files = (
			);
			inputFileListPaths = (
			);
			inputPaths = (
				"${PODS_PODFILE_DIR_PATH}/Podfile.lock",
				"${PODS_ROOT}/Manifest.lock",
			);
			name = "[CP] Check Pods Manifest.lock";
			outputFileListPaths = (
			);
			outputPaths = (
				"$(DERIVED_FILE_DIR)/Pods-Axle-checkManifestLockResult.txt",
			);
			runOnlyForDeploymentPostprocessing = 0;
			shellPath = /bin/sh;
			shellScript = "diff \"${PODS_PODFILE_DIR_PATH}/Podfile.lock\" \"${PODS_ROOT}/Manifest.lock\" > /dev/null\nif [ $? != 0 ] ; then\n    # print error to STDERR\n    echo \"error: The sandbox is not in sync with the Podfile.lock. Run 'pod install' or update your CocoaPods installation.\" >&2\n    exit 1\nfi\n# This output is used by Xcode 'outputs' to avoid re-running this script phase.\necho \"SUCCESS\" > \"${SCRIPT_OUTPUT_FILE_0}\"\n";
			showEnvVarsInLog = 0;
		};
		BA23842425B5DF4F705E7C85 /* [CP] Embed Pods Frameworks */ = {
			isa = PBXShellScriptBuildPhase;
			buildActionMask = 2147483647;
			files = (
			);
			inputFileListPaths = (
				"${PODS_ROOT}/Target Support Files/Pods-Axle-AxleUITests/Pods-Axle-AxleUITests-frameworks-${CONFIGURATION}-input-files.xcfilelist",
			);
			inputPaths = (
			);
			name = "[CP] Embed Pods Frameworks";
			outputFileListPaths = (
				"${PODS_ROOT}/Target Support Files/Pods-Axle-AxleUITests/Pods-Axle-AxleUITests-frameworks-${CONFIGURATION}-output-files.xcfilelist",
			);
			outputPaths = (
			);
			runOnlyForDeploymentPostprocessing = 0;
			shellPath = /bin/sh;
			shellScript = "\"${PODS_ROOT}/Target Support Files/Pods-Axle-AxleUITests/Pods-Axle-AxleUITests-frameworks.sh\"\n";
			showEnvVarsInLog = 0;
		};
		CE35C04AFF0F18B3E6BE6BE7 /* [CP] Check Pods Manifest.lock */ = {
			isa = PBXShellScriptBuildPhase;
			buildActionMask = 2147483647;
			files = (
			);
			inputFileListPaths = (
			);
			inputPaths = (
				"${PODS_PODFILE_DIR_PATH}/Podfile.lock",
				"${PODS_ROOT}/Manifest.lock",
			);
			name = "[CP] Check Pods Manifest.lock";
			outputFileListPaths = (
			);
			outputPaths = (
				"$(DERIVED_FILE_DIR)/Pods-AxleTests-checkManifestLockResult.txt",
			);
			runOnlyForDeploymentPostprocessing = 0;
			shellPath = /bin/sh;
			shellScript = "diff \"${PODS_PODFILE_DIR_PATH}/Podfile.lock\" \"${PODS_ROOT}/Manifest.lock\" > /dev/null\nif [ $? != 0 ] ; then\n    # print error to STDERR\n    echo \"error: The sandbox is not in sync with the Podfile.lock. Run 'pod install' or update your CocoaPods installation.\" >&2\n    exit 1\nfi\n# This output is used by Xcode 'outputs' to avoid re-running this script phase.\necho \"SUCCESS\" > \"${SCRIPT_OUTPUT_FILE_0}\"\n";
			showEnvVarsInLog = 0;
		};
		F56505C147C3F60DEDE726DA /* [CP] Embed Pods Frameworks */ = {
			isa = PBXShellScriptBuildPhase;
			buildActionMask = 2147483647;
			files = (
			);
			inputFileListPaths = (
				"${PODS_ROOT}/Target Support Files/Pods-Axle/Pods-Axle-frameworks-${CONFIGURATION}-input-files.xcfilelist",
			);
			inputPaths = (
			);
			name = "[CP] Embed Pods Frameworks";
			outputFileListPaths = (
				"${PODS_ROOT}/Target Support Files/Pods-Axle/Pods-Axle-frameworks-${CONFIGURATION}-output-files.xcfilelist",
			);
			outputPaths = (
			);
			runOnlyForDeploymentPostprocessing = 0;
			shellPath = /bin/sh;
			shellScript = "\"${PODS_ROOT}/Target Support Files/Pods-Axle/Pods-Axle-frameworks.sh\"\n";
			showEnvVarsInLog = 0;
		};
/* End PBXShellScriptBuildPhase section */

/* Begin PBXSourcesBuildPhase section */
		ED6CE37F2D956944005ADD18 /* Sources */ = {
			isa = PBXSourcesBuildPhase;
			buildActionMask = 2147483647;
			files = (
			);
			runOnlyForDeploymentPostprocessing = 0;
		};
		ED6CE3952D956948005ADD18 /* Sources */ = {
			isa = PBXSourcesBuildPhase;
			buildActionMask = 2147483647;
			files = (
			);
			runOnlyForDeploymentPostprocessing = 0;
		};
		ED6CE39F2D956949005ADD18 /* Sources */ = {
			isa = PBXSourcesBuildPhase;
			buildActionMask = 2147483647;
			files = (
			);
			runOnlyForDeploymentPostprocessing = 0;
		};
/* End PBXSourcesBuildPhase section */

/* Begin PBXTargetDependency section */
		ED6CE39B2D956948005ADD18 /* PBXTargetDependency */ = {
			isa = PBXTargetDependency;
			target = ED6CE3822D956944005ADD18 /* Axle */;
			targetProxy = ED6CE39A2D956948005ADD18 /* PBXContainerItemProxy */;
		};
		ED6CE3A52D956949005ADD18 /* PBXTargetDependency */ = {
			isa = PBXTargetDependency;
			target = ED6CE3822D956944005ADD18 /* Axle */;
			targetProxy = ED6CE3A42D956949005ADD18 /* PBXContainerItemProxy */;
		};
/* End PBXTargetDependency section */

/* Begin XCBuildConfiguration section */
		ED6CE3AD2D956949005ADD18 /* Debug */ = {
			isa = XCBuildConfiguration;
			baseConfigurationReference = 5D93927AB7F5322C18D8BFC0 /* Pods-Axle.debug.xcconfig */;
			buildSettings = {
				ASSETCATALOG_COMPILER_APPICON_NAME = AppIcon;
				ASSETCATALOG_COMPILER_GLOBAL_ACCENT_COLOR_NAME = AccentColor;
				CODE_SIGN_STYLE = Automatic;
				CURRENT_PROJECT_VERSION = 1;
				DEVELOPMENT_TEAM = CF54KG74HD;
				GENERATE_INFOPLIST_FILE = YES;
				INFOPLIST_FILE = Axle/Info.plist;
				INFOPLIST_KEY_CFBundleDisplayName = Axle;
				INFOPLIST_KEY_UIApplicationSupportsIndirectInputEvents = YES;
				INFOPLIST_KEY_UILaunchStoryboardName = LaunchScreen;
				INFOPLIST_KEY_UIMainStoryboardFile = Main;
				INFOPLIST_KEY_UISupportedInterfaceOrientations = UIInterfaceOrientationPortrait;
				INFOPLIST_KEY_UISupportedInterfaceOrientations_iPad = "UIInterfaceOrientationPortrait UIInterfaceOrientationPortraitUpsideDown";
				LD_RUNPATH_SEARCH_PATHS = (
					"$(inherited)",
					"@executable_path/Frameworks",
				);
				MARKETING_VERSION = 1.0;
				PRODUCT_BUNDLE_IDENTIFIER = "Rajin-Gangadharan.Axle";
				PRODUCT_NAME = "$(TARGET_NAME)";
				SWIFT_EMIT_LOC_STRINGS = YES;
				SWIFT_VERSION = 5.0;
				TARGETED_DEVICE_FAMILY = "1,2";
			};
			name = Debug;
		};
		ED6CE3AE2D956949005ADD18 /* Release */ = {
			isa = XCBuildConfiguration;
			baseConfigurationReference = 08F55CB200C10FBC2688067B /* Pods-Axle.release.xcconfig */;
			buildSettings = {
				ASSETCATALOG_COMPILER_APPICON_NAME = AppIcon;
				ASSETCATALOG_COMPILER_GLOBAL_ACCENT_COLOR_NAME = AccentColor;
				CODE_SIGN_STYLE = Automatic;
				CURRENT_PROJECT_VERSION = 1;
				DEVELOPMENT_TEAM = CF54KG74HD;
				GENERATE_INFOPLIST_FILE = YES;
				INFOPLIST_FILE = Axle/Info.plist;
				INFOPLIST_KEY_CFBundleDisplayName = Axle;
				INFOPLIST_KEY_UIApplicationSupportsIndirectInputEvents = YES;
				INFOPLIST_KEY_UILaunchStoryboardName = LaunchScreen;
				INFOPLIST_KEY_UIMainStoryboardFile = Main;
				INFOPLIST_KEY_UISupportedInterfaceOrientations = UIInterfaceOrientationPortrait;
				INFOPLIST_KEY_UISupportedInterfaceOrientations_iPad = "UIInterfaceOrientationPortrait UIInterfaceOrientationPortraitUpsideDown";
				LD_RUNPATH_SEARCH_PATHS = (
					"$(inherited)",
					"@executable_path/Frameworks",
				);
				MARKETING_VERSION = 1.0;
				PRODUCT_BUNDLE_IDENTIFIER = "Rajin-Gangadharan.Axle";
				PRODUCT_NAME = "$(TARGET_NAME)";
				SWIFT_EMIT_LOC_STRINGS = YES;
				SWIFT_VERSION = 5.0;
				TARGETED_DEVICE_FAMILY = "1,2";
			};
			name = Release;
		};
		ED6CE3AF2D956949005ADD18 /* Debug */ = {
			isa = XCBuildConfiguration;
			buildSettings = {
				ALWAYS_SEARCH_USER_PATHS = NO;
				ASSETCATALOG_COMPILER_GENERATE_SWIFT_ASSET_SYMBOL_EXTENSIONS = YES;
				CLANG_ANALYZER_NONNULL = YES;
				CLANG_ANALYZER_NUMBER_OBJECT_CONVERSION = YES_AGGRESSIVE;
				CLANG_CXX_LANGUAGE_STANDARD = "gnu++20";
				CLANG_ENABLE_MODULES = YES;
				CLANG_ENABLE_OBJC_ARC = YES;
				CLANG_ENABLE_OBJC_WEAK = YES;
				CLANG_WARN_BLOCK_CAPTURE_AUTORELEASING = YES;
				CLANG_WARN_BOOL_CONVERSION = YES;
				CLANG_WARN_COMMA = YES;
				CLANG_WARN_CONSTANT_CONVERSION = YES;
				CLANG_WARN_DEPRECATED_OBJC_IMPLEMENTATIONS = YES;
				CLANG_WARN_DIRECT_OBJC_ISA_USAGE = YES_ERROR;
				CLANG_WARN_DOCUMENTATION_COMMENTS = YES;
				CLANG_WARN_EMPTY_BODY = YES;
				CLANG_WARN_ENUM_CONVERSION = YES;
				CLANG_WARN_INFINITE_RECURSION = YES;
				CLANG_WARN_INT_CONVERSION = YES;
				CLANG_WARN_NON_LITERAL_NULL_CONVERSION = YES;
				CLANG_WARN_OBJC_IMPLICIT_RETAIN_SELF = YES;
				CLANG_WARN_OBJC_LITERAL_CONVERSION = YES;
				CLANG_WARN_OBJC_ROOT_CLASS = YES_ERROR;
				CLANG_WARN_QUOTED_INCLUDE_IN_FRAMEWORK_HEADER = YES;
				CLANG_WARN_RANGE_LOOP_ANALYSIS = YES;
				CLANG_WARN_STRICT_PROTOTYPES = YES;
				CLANG_WARN_SUSPICIOUS_MOVE = YES;
				CLANG_WARN_UNGUARDED_AVAILABILITY = YES_AGGRESSIVE;
				CLANG_WARN_UNREACHABLE_CODE = YES;
				CLANG_WARN__DUPLICATE_METHOD_MATCH = YES;
				COPY_PHASE_STRIP = NO;
				DEBUG_INFORMATION_FORMAT = dwarf;
				ENABLE_STRICT_OBJC_MSGSEND = YES;
				ENABLE_TESTABILITY = YES;
				ENABLE_USER_SCRIPT_SANDBOXING = NO;
				GCC_C_LANGUAGE_STANDARD = gnu17;
				GCC_DYNAMIC_NO_PIC = NO;
				GCC_NO_COMMON_BLOCKS = YES;
				GCC_OPTIMIZATION_LEVEL = 0;
				GCC_PREPROCESSOR_DEFINITIONS = (
					"DEBUG=1",
					"$(inherited)",
				);
				GCC_WARN_64_TO_32_BIT_CONVERSION = YES;
				GCC_WARN_ABOUT_RETURN_TYPE = YES_ERROR;
				GCC_WARN_UNDECLARED_SELECTOR = YES;
				GCC_WARN_UNINITIALIZED_AUTOS = YES_AGGRESSIVE;
				GCC_WARN_UNUSED_FUNCTION = YES;
				GCC_WARN_UNUSED_VARIABLE = YES;
				IPHONEOS_DEPLOYMENT_TARGET = 18.2;
				LOCALIZATION_PREFERS_STRING_CATALOGS = YES;
				MTL_ENABLE_DEBUG_INFO = INCLUDE_SOURCE;
				MTL_FAST_MATH = YES;
				ONLY_ACTIVE_ARCH = YES;
				SDKROOT = iphoneos;
				SWIFT_ACTIVE_COMPILATION_CONDITIONS = "DEBUG $(inherited)";
				SWIFT_OPTIMIZATION_LEVEL = "-Onone";
			};
			name = Debug;
		};
		ED6CE3B02D956949005ADD18 /* Release */ = {
			isa = XCBuildConfiguration;
			buildSettings = {
				ALWAYS_SEARCH_USER_PATHS = NO;
				ASSETCATALOG_COMPILER_GENERATE_SWIFT_ASSET_SYMBOL_EXTENSIONS = YES;
				CLANG_ANALYZER_NONNULL = YES;
				CLANG_ANALYZER_NUMBER_OBJECT_CONVERSION = YES_AGGRESSIVE;
				CLANG_CXX_LANGUAGE_STANDARD = "gnu++20";
				CLANG_ENABLE_MODULES = YES;
				CLANG_ENABLE_OBJC_ARC = YES;
				CLANG_ENABLE_OBJC_WEAK = YES;
				CLANG_WARN_BLOCK_CAPTURE_AUTORELEASING = YES;
				CLANG_WARN_BOOL_CONVERSION = YES;
				CLANG_WARN_COMMA = YES;
				CLANG_WARN_CONSTANT_CONVERSION = YES;
				CLANG_WARN_DEPRECATED_OBJC_IMPLEMENTATIONS = YES;
				CLANG_WARN_DIRECT_OBJC_ISA_USAGE = YES_ERROR;
				CLANG_WARN_DOCUMENTATION_COMMENTS = YES;
				CLANG_WARN_EMPTY_BODY = YES;
				CLANG_WARN_ENUM_CONVERSION = YES;
				CLANG_WARN_INFINITE_RECURSION = YES;
				CLANG_WARN_INT_CONVERSION = YES;
				CLANG_WARN_NON_LITERAL_NULL_CONVERSION = YES;
				CLANG_WARN_OBJC_IMPLICIT_RETAIN_SELF = YES;
				CLANG_WARN_OBJC_LITERAL_CONVERSION = YES;
				CLANG_WARN_OBJC_ROOT_CLASS = YES_ERROR;
				CLANG_WARN_QUOTED_INCLUDE_IN_FRAMEWORK_HEADER = YES;
				CLANG_WARN_RANGE_LOOP_ANALYSIS = YES;
				CLANG_WARN_STRICT_PROTOTYPES = YES;
				CLANG_WARN_SUSPICIOUS_MOVE = YES;
				CLANG_WARN_UNGUARDED_AVAILABILITY = YES_AGGRESSIVE;
				CLANG_WARN_UNREACHABLE_CODE = YES;
				CLANG_WARN__DUPLICATE_METHOD_MATCH = YES;
				COPY_PHASE_STRIP = NO;
				DEBUG_INFORMATION_FORMAT = "dwarf-with-dsym";
				ENABLE_NS_ASSERTIONS = NO;
				ENABLE_STRICT_OBJC_MSGSEND = YES;
				ENABLE_USER_SCRIPT_SANDBOXING = NO;
				GCC_C_LANGUAGE_STANDARD = gnu17;
				GCC_NO_COMMON_BLOCKS = YES;
				GCC_WARN_64_TO_32_BIT_CONVERSION = YES;
				GCC_WARN_ABOUT_RETURN_TYPE = YES_ERROR;
				GCC_WARN_UNDECLARED_SELECTOR = YES;
				GCC_WARN_UNINITIALIZED_AUTOS = YES_AGGRESSIVE;
				GCC_WARN_UNUSED_FUNCTION = YES;
				GCC_WARN_UNUSED_VARIABLE = YES;
				IPHONEOS_DEPLOYMENT_TARGET = 18.2;
				LOCALIZATION_PREFERS_STRING_CATALOGS = YES;
				MTL_ENABLE_DEBUG_INFO = NO;
				MTL_FAST_MATH = YES;
				SDKROOT = iphoneos;
				SWIFT_COMPILATION_MODE = wholemodule;
				VALIDATE_PRODUCT = YES;
			};
			name = Release;
		};
		ED6CE3B22D956949005ADD18 /* Debug */ = {
			isa = XCBuildConfiguration;
			baseConfigurationReference = 9A31026E79527664E2AD8EB1 /* Pods-AxleTests.debug.xcconfig */;
			buildSettings = {
				BUNDLE_LOADER = "$(TEST_HOST)";
				CODE_SIGN_STYLE = Automatic;
				CURRENT_PROJECT_VERSION = 1;
				DEVELOPMENT_TEAM = CF54KG74HD;
				GENERATE_INFOPLIST_FILE = YES;
				IPHONEOS_DEPLOYMENT_TARGET = 18.2;
				MARKETING_VERSION = 1.0;
				PRODUCT_BUNDLE_IDENTIFIER = "Rajin-Gangadharan.AxleTests";
				PRODUCT_NAME = "$(TARGET_NAME)";
				SWIFT_EMIT_LOC_STRINGS = NO;
				SWIFT_VERSION = 5.0;
				TARGETED_DEVICE_FAMILY = "1,2";
				TEST_HOST = "$(BUILT_PRODUCTS_DIR)/Axle.app/$(BUNDLE_EXECUTABLE_FOLDER_PATH)/Axle";
			};
			name = Debug;
		};
		ED6CE3B32D956949005ADD18 /* Release */ = {
			isa = XCBuildConfiguration;
			baseConfigurationReference = E395C717B071C0A822471757 /* Pods-AxleTests.release.xcconfig */;
			buildSettings = {
				BUNDLE_LOADER = "$(TEST_HOST)";
				CODE_SIGN_STYLE = Automatic;
				CURRENT_PROJECT_VERSION = 1;
				DEVELOPMENT_TEAM = CF54KG74HD;
				GENERATE_INFOPLIST_FILE = YES;
				IPHONEOS_DEPLOYMENT_TARGET = 18.2;
				MARKETING_VERSION = 1.0;
				PRODUCT_BUNDLE_IDENTIFIER = "Rajin-Gangadharan.AxleTests";
				PRODUCT_NAME = "$(TARGET_NAME)";
				SWIFT_EMIT_LOC_STRINGS = NO;
				SWIFT_VERSION = 5.0;
				TARGETED_DEVICE_FAMILY = "1,2";
				TEST_HOST = "$(BUILT_PRODUCTS_DIR)/Axle.app/$(BUNDLE_EXECUTABLE_FOLDER_PATH)/Axle";
			};
			name = Release;
		};
		ED6CE3B52D956949005ADD18 /* Debug */ = {
			isa = XCBuildConfiguration;
			baseConfigurationReference = 09B60A2ED1909F675629BD1E /* Pods-Axle-AxleUITests.debug.xcconfig */;
			buildSettings = {
				CODE_SIGN_STYLE = Automatic;
				CURRENT_PROJECT_VERSION = 1;
				DEVELOPMENT_TEAM = CF54KG74HD;
				GENERATE_INFOPLIST_FILE = YES;
				MARKETING_VERSION = 1.0;
				PRODUCT_BUNDLE_IDENTIFIER = "Rajin-Gangadharan.AxleUITests";
				PRODUCT_NAME = "$(TARGET_NAME)";
				SWIFT_EMIT_LOC_STRINGS = NO;
				SWIFT_VERSION = 5.0;
				TARGETED_DEVICE_FAMILY = "1,2";
				TEST_TARGET_NAME = Axle;
			};
			name = Debug;
		};
		ED6CE3B62D956949005ADD18 /* Release */ = {
			isa = XCBuildConfiguration;
			baseConfigurationReference = B28B752D9F76AAFCB3E3A77C /* Pods-Axle-AxleUITests.release.xcconfig */;
			buildSettings = {
				CODE_SIGN_STYLE = Automatic;
				CURRENT_PROJECT_VERSION = 1;
				DEVELOPMENT_TEAM = CF54KG74HD;
				GENERATE_INFOPLIST_FILE = YES;
				MARKETING_VERSION = 1.0;
				PRODUCT_BUNDLE_IDENTIFIER = "Rajin-Gangadharan.AxleUITests";
				PRODUCT_NAME = "$(TARGET_NAME)";
				SWIFT_EMIT_LOC_STRINGS = NO;
				SWIFT_VERSION = 5.0;
				TARGETED_DEVICE_FAMILY = "1,2";
				TEST_TARGET_NAME = Axle;
			};
			name = Release;
		};
/* End XCBuildConfiguration section */

/* Begin XCConfigurationList section */
		ED6CE37E2D956944005ADD18 /* Build configuration list for PBXProject "Axle" */ = {
			isa = XCConfigurationList;
			buildConfigurations = (
				ED6CE3AF2D956949005ADD18 /* Debug */,
				ED6CE3B02D956949005ADD18 /* Release */,
			);
			defaultConfigurationIsVisible = 0;
			defaultConfigurationName = Release;
		};
		ED6CE3AC2D956949005ADD18 /* Build configuration list for PBXNativeTarget "Axle" */ = {
			isa = XCConfigurationList;
			buildConfigurations = (
				ED6CE3AD2D956949005ADD18 /* Debug */,
				ED6CE3AE2D956949005ADD18 /* Release */,
			);
			defaultConfigurationIsVisible = 0;
			defaultConfigurationName = Release;
		};
		ED6CE3B12D956949005ADD18 /* Build configuration list for PBXNativeTarget "AxleTests" */ = {
			isa = XCConfigurationList;
			buildConfigurations = (
				ED6CE3B22D956949005ADD18 /* Debug */,
				ED6CE3B32D956949005ADD18 /* Release */,
			);
			defaultConfigurationIsVisible = 0;
			defaultConfigurationName = Release;
		};
		ED6CE3B42D956949005ADD18 /* Build configuration list for PBXNativeTarget "AxleUITests" */ = {
			isa = XCConfigurationList;
			buildConfigurations = (
				ED6CE3B52D956949005ADD18 /* Debug */,
				ED6CE3B62D956949005ADD18 /* Release */,
			);
			defaultConfigurationIsVisible = 0;
			defaultConfigurationName = Release;
		};
/* End XCConfigurationList section */
	};
	rootObject = ED6CE37B2D956944005ADD18 /* Project object */;
}
